
Microsoft Visual Studio Solution File, Format Version 12.00
# Visual Studio Version 16
VisualStudioVersion = 16.0.29709.97
MinimumVisualStudioVersion = 10.0.40219.1
Project("{9A19103F-16F7-4668-BE54-9A1E7A4F7556}") = "MELITranslate.API", "MELITranslate.API\MELITranslate.API.csproj", "{A29AF6BA-56C6-4D90-8FAD-5AFDF1FC3846}"
EndProject
Project("{9A19103F-16F7-4668-BE54-9A1E7A4F7556}") = "MELITranslate.Test", "MELITranslate.Test\MELITranslate.Test.csproj", "{BEB1FE55-43F0-4435-9EBC-3F74A2EBBD7F}"
EndProject
Project("{9A19103F-16F7-4668-BE54-9A1E7A4F7556}") = "MELITranslate.Business", "MELITranslate.Business\MELITranslate.Business.csproj", "{0D31916A-4866-4CBC-90EB-06092047FE03}"
EndProject
Global
	GlobalSection(SolutionConfigurationPlatforms) = preSolution
		Debug|Any CPU = Debug|Any CPU
		Release|Any CPU = Release|Any CPU
	EndGlobalSection
	GlobalSection(ProjectConfigurationPlatforms) = postSolution
		{A29AF6BA-56C6-4D90-8FAD-5AFDF1FC3846}.Debug|Any CPU.ActiveCfg = Debug|Any CPU
		{A29AF6BA-56C6-4D90-8FAD-5AFDF1FC3846}.Debug|Any CPU.Build.0 = Debug|Any CPU
		{A29AF6BA-56C6-4D90-8FAD-5AFDF1FC3846}.Release|Any CPU.ActiveCfg = Release|Any CPU
		{A29AF6BA-56C6-4D90-8FAD-5AFDF1FC3846}.Release|Any CPU.Build.0 = Release|Any CPU
		{BEB1FE55-43F0-4435-9EBC-3F74A2EBBD7F}.Debug|Any CPU.ActiveCfg = Debug|Any CPU
		{BEB1FE55-43F0-4435-9EBC-3F74A2EBBD7F}.Debug|Any CPU.Build.0 = Debug|Any CPU
		{BEB1FE55-43F0-4435-9EBC-3F74A2EBBD7F}.Release|Any CPU.ActiveCfg = Release|Any CPU
		{BEB1FE55-43F0-4435-9EBC-3F74A2EBBD7F}.Release|Any CPU.Build.0 = Release|Any CPU
		{0D31916A-4866-4CBC-90EB-06092047FE03}.Debug|Any CPU.ActiveCfg = Debug|Any CPU
		{0D31916A-4866-4CBC-90EB-06092047FE03}.Debug|Any CPU.Build.0 = Debug|Any CPU
		{0D31916A-4866-4CBC-90EB-06092047FE03}.Release|Any CPU.ActiveCfg = Release|Any CPU
		{0D31916A-4866-4CBC-90EB-06092047FE03}.Release|Any CPU.Build.0 = Release|Any CPU
	EndGlobalSection
	GlobalSection(SolutionProperties) = preSolution
		HideSolutionNode = FALSE
	EndGlobalSection
	GlobalSection(ExtensibilityGlobals) = postSolution
		SolutionGuid = {81B88482-60D4-4669-839C-7E83695EE89C}
	EndGlobalSection
EndGlobal
